
Microsoft Visual Studio Solution File, Format Version 12.00
# Visual Studio 15
VisualStudioVersion = 15.0.27130.2036
MinimumVisualStudioVersion = 10.0.40219.1
Project("{FAE04EC0-301F-11D3-BF4B-00C04F79EFBC}") = "Orthesia", "Orthesia\Orthesia.csproj", "{57DC8070-C348-431E-9ACD-3F5A82EBA64E}"
EndProject
Global
	GlobalSection(SolutionConfigurationPlatforms) = preSolution
		Debug|Any CPU = Debug|Any CPU
		Release|Any CPU = Release|Any CPU
	EndGlobalSection
	GlobalSection(ProjectConfigurationPlatforms) = postSolution
		{57DC8070-C348-431E-9ACD-3F5A82EBA64E}.Debug|Any CPU.ActiveCfg = Debug|Any CPU
		{57DC8070-C348-431E-9ACD-3F5A82EBA64E}.Debug|Any CPU.Build.0 = Debug|Any CPU
		{57DC8070-C348-431E-9ACD-3F5A82EBA64E}.Release|Any CPU.ActiveCfg = Release|Any CPU
		{57DC8070-C348-431E-9ACD-3F5A82EBA64E}.Release|Any CPU.Build.0 = Release|Any CPU
	EndGlobalSection
	GlobalSection(SolutionProperties) = preSolution
		HideSolutionNode = FALSE
	EndGlobalSection
	GlobalSection(ExtensibilityGlobals) = postSolution
		SolutionGuid = {627F9042-F799-438F-87B5-F192718AC041}
	EndGlobalSection
EndGlobal
